
Microsoft Visual Studio Solution File, Format Version 12.00
# Visual Studio Version 16
VisualStudioVersion = 16.0.29709.97
MinimumVisualStudioVersion = 10.0.40219.1
Project("{FAE04EC0-301F-11D3-BF4B-00C04F79EFBC}") = "SimpleKeyValueStore", "SimpleKeyValueStore\SimpleKeyValueStore.csproj", "{F2ECE10B-89B0-4668-A161-438F64E82DB7}"
EndProject
Project("{FAE04EC0-301F-11D3-BF4B-00C04F79EFBC}") = "TestApp", "TestApp\TestApp.csproj", "{F1AB2C35-9E5A-403E-88BB-DEF7B9BB4B1D}"
EndProject
Global
	GlobalSection(SolutionConfigurationPlatforms) = preSolution
		Debug|Any CPU = Debug|Any CPU
		Release|Any CPU = Release|Any CPU
	EndGlobalSection
	GlobalSection(ProjectConfigurationPlatforms) = postSolution
		{F2ECE10B-89B0-4668-A161-438F64E82DB7}.Debug|Any CPU.ActiveCfg = Debug|Any CPU
		{F2ECE10B-89B0-4668-A161-438F64E82DB7}.Debug|Any CPU.Build.0 = Debug|Any CPU
		{F2ECE10B-89B0-4668-A161-438F64E82DB7}.Release|Any CPU.ActiveCfg = Release|Any CPU
		{F2ECE10B-89B0-4668-A161-438F64E82DB7}.Release|Any CPU.Build.0 = Release|Any CPU
		{F1AB2C35-9E5A-403E-88BB-DEF7B9BB4B1D}.Debug|Any CPU.ActiveCfg = Debug|Any CPU
		{F1AB2C35-9E5A-403E-88BB-DEF7B9BB4B1D}.Debug|Any CPU.Build.0 = Debug|Any CPU
		{F1AB2C35-9E5A-403E-88BB-DEF7B9BB4B1D}.Release|Any CPU.ActiveCfg = Release|Any CPU
		{F1AB2C35-9E5A-403E-88BB-DEF7B9BB4B1D}.Release|Any CPU.Build.0 = Release|Any CPU
	EndGlobalSection
	GlobalSection(SolutionProperties) = preSolution
		HideSolutionNode = FALSE
	EndGlobalSection
	GlobalSection(ExtensibilityGlobals) = postSolution
		SolutionGuid = {8318F160-C4F8-430F-8F77-87621C775367}
	EndGlobalSection
EndGlobal
